
Microsoft Visual Studio Solution File, Format Version 12.00
# Visual Studio Version 17
VisualStudioVersion = 17.13.35919.96 d17.13
MinimumVisualStudioVersion = 10.0.40219.1
Project("{FAE04EC0-301F-11D3-BF4B-00C04F79EFBC}") = "Assignment-5.4_1", "Assignment-5.4_1.csproj", "{DF28D7E1-CBA8-4914-A2F2-532EC9D5C8A0}"
EndProject
Global
	GlobalSection(SolutionConfigurationPlatforms) = preSolution
		Debug|Any CPU = Debug|Any CPU
		Release|Any CPU = Release|Any CPU
	EndGlobalSection
	GlobalSection(ProjectConfigurationPlatforms) = postSolution
		{DF28D7E1-CBA8-4914-A2F2-532EC9D5C8A0}.Debug|Any CPU.ActiveCfg = Debug|Any CPU
		{DF28D7E1-CBA8-4914-A2F2-532EC9D5C8A0}.Debug|Any CPU.Build.0 = Debug|Any CPU
		{DF28D7E1-CBA8-4914-A2F2-532EC9D5C8A0}.Release|Any CPU.ActiveCfg = Release|Any CPU
		{DF28D7E1-CBA8-4914-A2F2-532EC9D5C8A0}.Release|Any CPU.Build.0 = Release|Any CPU
	EndGlobalSection
	GlobalSection(SolutionProperties) = preSolution
		HideSolutionNode = FALSE
	EndGlobalSection
	GlobalSection(ExtensibilityGlobals) = postSolution
		SolutionGuid = {21D74B56-9BDF-485B-9010-782EE325B806}
	EndGlobalSection
EndGlobal
